
Microsoft Visual Studio Solution File, Format Version 12.00
# Visual Studio 15
VisualStudioVersion = 15.0.26730.12
MinimumVisualStudioVersion = 10.0.40219.1
Project("{2150E333-8FDC-42A3-9474-1A3956D46DE8}") = "src", "src", "{317E90AE-18E3-4A74-A484-34B6869F2F16}"
EndProject
Project("{2150E333-8FDC-42A3-9474-1A3956D46DE8}") = "Solution Items", "Solution Items", "{158F77CC-38D8-471A-BD1C-ABE8934BCE4C}"
EndProject
Project("{9A19103F-16F7-4668-BE54-9A1E7A4F7556}") = "SubmissionApp", "src\SubmissionApp\SubmissionApp.csproj", "{682D9444-4147-45B4-B42C-2DC931BA2B5B}"
EndProject
Project("{9A19103F-16F7-4668-BE54-9A1E7A4F7556}") = "SubmissionAPI", "SubmissionAPI\SubmissionAPI.csproj", "{982FDE8E-B6DB-48EF-875C-4E48C2CA92BD}"
EndProject
Project("{FAE04EC0-301F-11D3-BF4B-00C04F79EFBC}") = "WebApplication2", "WebApplication2\WebApplication2.csproj", "{9528F951-B1CE-4C1B-9B03-2E8958F96FAC}"
EndProject
Global
	GlobalSection(SolutionConfigurationPlatforms) = preSolution
		Debug|Any CPU = Debug|Any CPU
		Release|Any CPU = Release|Any CPU
	EndGlobalSection
	GlobalSection(ProjectConfigurationPlatforms) = postSolution
		{682D9444-4147-45B4-B42C-2DC931BA2B5B}.Debug|Any CPU.ActiveCfg = Debug|Any CPU
		{682D9444-4147-45B4-B42C-2DC931BA2B5B}.Debug|Any CPU.Build.0 = Debug|Any CPU
		{682D9444-4147-45B4-B42C-2DC931BA2B5B}.Release|Any CPU.ActiveCfg = Release|Any CPU
		{682D9444-4147-45B4-B42C-2DC931BA2B5B}.Release|Any CPU.Build.0 = Release|Any CPU
		{982FDE8E-B6DB-48EF-875C-4E48C2CA92BD}.Debug|Any CPU.ActiveCfg = Debug|Any CPU
		{982FDE8E-B6DB-48EF-875C-4E48C2CA92BD}.Debug|Any CPU.Build.0 = Debug|Any CPU
		{982FDE8E-B6DB-48EF-875C-4E48C2CA92BD}.Release|Any CPU.ActiveCfg = Release|Any CPU
		{982FDE8E-B6DB-48EF-875C-4E48C2CA92BD}.Release|Any CPU.Build.0 = Release|Any CPU
		{9528F951-B1CE-4C1B-9B03-2E8958F96FAC}.Debug|Any CPU.ActiveCfg = Debug|Any CPU
		{9528F951-B1CE-4C1B-9B03-2E8958F96FAC}.Debug|Any CPU.Build.0 = Debug|Any CPU
		{9528F951-B1CE-4C1B-9B03-2E8958F96FAC}.Release|Any CPU.ActiveCfg = Release|Any CPU
		{9528F951-B1CE-4C1B-9B03-2E8958F96FAC}.Release|Any CPU.Build.0 = Release|Any CPU
	EndGlobalSection
	GlobalSection(SolutionProperties) = preSolution
		HideSolutionNode = FALSE
	EndGlobalSection
	GlobalSection(NestedProjects) = preSolution
		{682D9444-4147-45B4-B42C-2DC931BA2B5B} = {317E90AE-18E3-4A74-A484-34B6869F2F16}
		{982FDE8E-B6DB-48EF-875C-4E48C2CA92BD} = {317E90AE-18E3-4A74-A484-34B6869F2F16}
		{9528F951-B1CE-4C1B-9B03-2E8958F96FAC} = {317E90AE-18E3-4A74-A484-34B6869F2F16}
	EndGlobalSection
	GlobalSection(ExtensibilityGlobals) = postSolution
		SolutionGuid = {DB8832C9-250E-4874-9D4A-E0C8757A3734}
	EndGlobalSection
EndGlobal
